
Microsoft Visual Studio Solution File, Format Version 12.00
# Visual Studio Version 17
VisualStudioVersion = 17.0.32112.339
MinimumVisualStudioVersion = 10.0.40219.1
Project("{9A19103F-16F7-4668-BE54-9A1E7A4F7556}") = "Tamagotchi.Api", "Tamagotchi.Api\Tamagotchi.Api.csproj", "{EE6B69EC-8860-4038-88D8-CEBB802EAB68}"
EndProject
Project("{9A19103F-16F7-4668-BE54-9A1E7A4F7556}") = "Tamagotchi.Application", "Tamagotchi.Application\Tamagotchi.Application.csproj", "{FFFA6AB1-FAEC-49EF-85FB-1B6A12427A41}"
EndProject
Project("{9A19103F-16F7-4668-BE54-9A1E7A4F7556}") = "Tamagotchi.Data", "Tamagotchi.Data\Tamagotchi.Data.csproj", "{CEF45E41-CEA1-4FF4-A09F-282A1526FC00}"
EndProject
Project("{9A19103F-16F7-4668-BE54-9A1E7A4F7556}") = "Tamagotchi.Web", "Tamagotchi.Web\Tamagotchi.Web.csproj", "{4D5090B5-10E1-42EC-B031-3C3E796C2472}"
EndProject
Project("{FAE04EC0-301F-11D3-BF4B-00C04F79EFBC}") = "Tamagotchi.ApisMonitoring", "Tamagotvhi.ApisMonitoring\Tamagotchi.ApisMonitoring.csproj", "{32358C77-2BB1-49A4-B866-217E2241D647}"
EndProject
Global
	GlobalSection(SolutionConfigurationPlatforms) = preSolution
		Debug|Any CPU = Debug|Any CPU
		Release|Any CPU = Release|Any CPU
	EndGlobalSection
	GlobalSection(ProjectConfigurationPlatforms) = postSolution
		{EE6B69EC-8860-4038-88D8-CEBB802EAB68}.Debug|Any CPU.ActiveCfg = Debug|Any CPU
		{EE6B69EC-8860-4038-88D8-CEBB802EAB68}.Debug|Any CPU.Build.0 = Debug|Any CPU
		{EE6B69EC-8860-4038-88D8-CEBB802EAB68}.Release|Any CPU.ActiveCfg = Release|Any CPU
		{EE6B69EC-8860-4038-88D8-CEBB802EAB68}.Release|Any CPU.Build.0 = Release|Any CPU
		{FFFA6AB1-FAEC-49EF-85FB-1B6A12427A41}.Debug|Any CPU.ActiveCfg = Debug|Any CPU
		{FFFA6AB1-FAEC-49EF-85FB-1B6A12427A41}.Debug|Any CPU.Build.0 = Debug|Any CPU
		{FFFA6AB1-FAEC-49EF-85FB-1B6A12427A41}.Release|Any CPU.ActiveCfg = Release|Any CPU
		{FFFA6AB1-FAEC-49EF-85FB-1B6A12427A41}.Release|Any CPU.Build.0 = Release|Any CPU
		{CEF45E41-CEA1-4FF4-A09F-282A1526FC00}.Debug|Any CPU.ActiveCfg = Debug|Any CPU
		{CEF45E41-CEA1-4FF4-A09F-282A1526FC00}.Debug|Any CPU.Build.0 = Debug|Any CPU
		{CEF45E41-CEA1-4FF4-A09F-282A1526FC00}.Release|Any CPU.ActiveCfg = Release|Any CPU
		{CEF45E41-CEA1-4FF4-A09F-282A1526FC00}.Release|Any CPU.Build.0 = Release|Any CPU
		{4D5090B5-10E1-42EC-B031-3C3E796C2472}.Debug|Any CPU.ActiveCfg = Debug|Any CPU
		{4D5090B5-10E1-42EC-B031-3C3E796C2472}.Debug|Any CPU.Build.0 = Debug|Any CPU
		{4D5090B5-10E1-42EC-B031-3C3E796C2472}.Release|Any CPU.ActiveCfg = Release|Any CPU
		{4D5090B5-10E1-42EC-B031-3C3E796C2472}.Release|Any CPU.Build.0 = Release|Any CPU
		{32358C77-2BB1-49A4-B866-217E2241D647}.Debug|Any CPU.ActiveCfg = Debug|Any CPU
		{32358C77-2BB1-49A4-B866-217E2241D647}.Debug|Any CPU.Build.0 = Debug|Any CPU
		{32358C77-2BB1-49A4-B866-217E2241D647}.Release|Any CPU.ActiveCfg = Release|Any CPU
		{32358C77-2BB1-49A4-B866-217E2241D647}.Release|Any CPU.Build.0 = Release|Any CPU
	EndGlobalSection
	GlobalSection(SolutionProperties) = preSolution
		HideSolutionNode = FALSE
	EndGlobalSection
	GlobalSection(ExtensibilityGlobals) = postSolution
		SolutionGuid = {A9D848AC-FAF9-437E-935E-10FCD66FC991}
	EndGlobalSection
EndGlobal
